# THIS IS AN AUTOGENERATED FILE. DO NOT EDIT THIS FILE DIRECTLY.
# yarn lockfile v1


"@microsoft/1ds-core-js@3.2.13", "@microsoft/1ds-core-js@^3.2.13":
  version "3.2.13"
  resolved "https://registry.yarnpkg.com/@microsoft/1ds-core-js/-/1ds-core-js-3.2.13.tgz#0c105ed75091bae3f1555c0334704fa9911c58fb"
  integrity sha512-CluYTRWcEk0ObG5EWFNWhs87e2qchJUn0p2D21ZUa3PWojPZfPSBs4//WIE0MYV8Qg1Hdif2ZTwlM7TbYUjfAg==
  dependencies:
    "@microsoft/applicationinsights-core-js" "2.8.15"
    "@microsoft/applicationinsights-shims" "^2.0.2"
    "@microsoft/dynamicproto-js" "^1.1.7"

"@microsoft/1ds-post-js@^3.2.13":
  version "3.2.13"
  resolved "https://registry.yarnpkg.com/@microsoft/1ds-post-js/-/1ds-post-js-3.2.13.tgz#560aacac8a92fdbb79e8c2ebcb293d56e19f51aa"
  integrity sha512-HgS574fdD19Bo2vPguyznL4eDw7Pcm1cVNpvbvBLWiW3x4e1FCQ3VMXChWnAxCae8Hb0XqlA2sz332ZobBavTA==
  dependencies:
    "@microsoft/1ds-core-js" "3.2.13"
    "@microsoft/applicationinsights-shims" "^2.0.2"
    "@microsoft/dynamicproto-js" "^1.1.7"

"@microsoft/applicationinsights-core-js@2.8.15":
  version "2.8.15"
  resolved "https://registry.yarnpkg.com/@microsoft/applicationinsights-core-js/-/applicationinsights-core-js-2.8.15.tgz#8fa466474260e01967fe649f14dd9e5ff91dcdc8"
  integrity sha512-yYAs9MyjGr2YijQdUSN9mVgT1ijI1FPMgcffpaPmYbHAVbQmF7bXudrBWHxmLzJlwl5rfep+Zgjli2e67lwUqQ==
  dependencies:
    "@microsoft/applicationinsights-shims" "2.0.2"
    "@microsoft/dynamicproto-js" "^1.1.9"

"@microsoft/applicationinsights-shims@2.0.2", "@microsoft/applicationinsights-shims@^2.0.2":
  version "2.0.2"
  resolved "https://registry.yarnpkg.com/@microsoft/applicationinsights-shims/-/applicationinsights-shims-2.0.2.tgz#92b36a09375e2d9cb2b4203383b05772be837085"
  integrity sha512-PoHEgsnmcqruLNHZ/amACqdJ6YYQpED0KSRe6J7gIJTtpZC1FfFU9b1fmDKDKtFoUSrPzEh1qzO3kmRZP0betg==

"@microsoft/dynamicproto-js@^1.1.7", "@microsoft/dynamicproto-js@^1.1.9":
  version "1.1.9"
  resolved "https://registry.yarnpkg.com/@microsoft/dynamicproto-js/-/dynamicproto-js-1.1.9.tgz#7437db7aa061162ee94e4131b69a62b8dad5dea6"
  integrity sha512-n1VPsljTSkthsAFYdiWfC+DKzK2WwcRp83Y1YAqdX552BstvsDjft9YXppjUzp11BPsapDoO1LDgrDB0XVsfNQ==

"@pixi/accessibility@7.4.3":
  version "7.4.3"
  resolved "https://registry.yarnpkg.com/@pixi/accessibility/-/accessibility-7.4.3.tgz#59d14a9886e853d4a469cf3d4256cb8e8ab9280d"
  integrity sha512-tCr0yeWpMe0yucFvEPidy5a7gVJGpTjqGrDpSEBYT/kbScfUwcoX49RrckCCCiXDlyO4WRh9lVVuHXTvqRLIMg==

"@pixi/app@7.4.3":
  version "7.4.3"
  resolved "https://registry.yarnpkg.com/@pixi/app/-/app-7.4.3.tgz#2e8b700c1467542136fa2d0836f1075469aae5ae"
  integrity sha512-opyWMuO0Ir8pf1DYUR++wAA6ZfNU+nIX2z95R2OD172HbcdhB4/HD7leLIIAny/LciEdMqlWEBhXK7N93YWbdg==

"@pixi/assets@7.4.3":
  version "7.4.3"
  resolved "https://registry.yarnpkg.com/@pixi/assets/-/assets-7.4.3.tgz#787ab12d64c9d6822312df970586a3361718bbe2"
  integrity sha512-StvjiJBSp/j9hHkGu8AFHNvwYUazXq64WhyhytztyDMRkg/l/cL7EcttY5T0qZNWlIpccdr60LUKrWDOuMpkiw==
  dependencies:
    "@types/css-font-loading-module" "^0.0.12"

"@pixi/color@7.4.3":
  version "7.4.3"
  resolved "https://registry.yarnpkg.com/@pixi/color/-/color-7.4.3.tgz#5637bdc0e4bf274bfc216c899d4367613be0d0dc"
  integrity sha512-a6R+bXKeXMDcRmjYQoBIK+v2EYqxSX49wcjAY579EYM/WrFKS98nSees6lqVUcLKrcQh2DT9srJHX7XMny3voQ==
  dependencies:
    "@pixi/colord" "^2.9.6"

"@pixi/colord@^2.9.6":
  version "2.9.6"
  resolved "https://registry.yarnpkg.com/@pixi/colord/-/colord-2.9.6.tgz#7e4e7851480da6fd3cef4e331f008d60be7e1204"
  integrity sha512-nezytU2pw587fQstUu1AsJZDVEynjskwOL+kibwcdxsMBFqPsFFNA7xl0ii/gXuDi6M0xj3mfRJj8pBSc2jCfA==

"@pixi/compressed-textures@7.4.3":
  version "7.4.3"
  resolved "https://registry.yarnpkg.com/@pixi/compressed-textures/-/compressed-textures-7.4.3.tgz#3d78b995fe0a1efb32a6e67932b6a227cfc985cd"
  integrity sha512-uJ3CC+lNX4HIxs6IxEESO50/0A1KxSVm6CO9UlkXzTsNj9ynmdy5BkJ1dzii7LCdqGcHIXHO01yvKuUbJBBQtw==

"@pixi/constants@7.4.3":
  version "7.4.3"
  resolved "https://registry.yarnpkg.com/@pixi/constants/-/constants-7.4.3.tgz#af758dae8fadbed16233c7bdf1358ebe268d4646"
  integrity sha512-QGmwJUNQy/vVEHzL6VGQvnwawLZ1wceZMI8HwJAT4/I2uAzbBeFDdmCS8WsTpSWLZjF/DszDc1D8BFp4pVJ5UQ==

"@pixi/core@7.4.3":
  version "7.4.3"
  resolved "https://registry.yarnpkg.com/@pixi/core/-/core-7.4.3.tgz#8230fa92e0036ec0fb5c1eea27dc140c78247edc"
  integrity sha512-5YDs11faWgVVTL8VZtLU05/Fl47vaP5Tnsbf+y/WRR0VSW3KhRRGTBU1J3Gdc2xEWbJhUK07KGP7eSZpvtPVgA==
  dependencies:
    "@pixi/color" "7.4.3"
    "@pixi/constants" "7.4.3"
    "@pixi/extensions" "7.4.3"
    "@pixi/math" "7.4.3"
    "@pixi/runner" "7.4.3"
    "@pixi/settings" "7.4.3"
    "@pixi/ticker" "7.4.3"
    "@pixi/utils" "7.4.3"

"@pixi/display@7.4.3":
  version "7.4.3"
  resolved "https://registry.yarnpkg.com/@pixi/display/-/display-7.4.3.tgz#af8cfa169d1a78c2470679419707384b07512365"
  integrity sha512-b5m2dAaoNAVdxz1oDaxl3XZ059NEOcNtGkxTOZ4EYCw/jcp9sZXkgSROHRzsGn4k+NugH7+9MP4Id2Z0kkdUhw==

"@pixi/events@7.4.3":
  version "7.4.3"
  resolved "https://registry.yarnpkg.com/@pixi/events/-/events-7.4.3.tgz#aae5c2925cac867c496f795a85ad54499fe6be76"
  integrity sha512-o3j/5Dxq6WDVS6eHfURB/cf/MP+NcsF/eC5PnbSHjXxJmDE7PoTVwLvxexm5uuvNRpFh/6/Fn0V8Vl4gV8sc8w==

"@pixi/extensions@7.4.3":
  version "7.4.3"
  resolved "https://registry.yarnpkg.com/@pixi/extensions/-/extensions-7.4.3.tgz#5d9e984bbef10cc5cf3ac1720bc023b57f633f64"
  integrity sha512-FhoiYkHQEDYHUE7wXhqfsTRz6KxLXjuMbSiAwnLb9uG1vAgp6q6qd6HEsf4X30YaZbLFY8a4KY6hFZWjF+4Fdw==

"@pixi/extract@7.4.3":
  version "7.4.3"
  resolved "https://registry.yarnpkg.com/@pixi/extract/-/extract-7.4.3.tgz#8a1094f390426bf9e2a4ec7a40707e75196927f3"
  integrity sha512-HNvGNrEVaeVsbcnIO1MsHpjZbTwo9nIlaOEBzDGcL6JWwzuB1RnzUke7WUCndCUt91sGUdvPnvgCvy9/NNFg3w==

"@pixi/filter-alpha@7.4.3":
  version "7.4.3"
  resolved "https://registry.yarnpkg.com/@pixi/filter-alpha/-/filter-alpha-7.4.3.tgz#0ec18eb862a89b817037760bfa11915551c406c6"
  integrity sha512-YFdUB1I53USQb+9TEhS849dV2KZhbnNGIoBbOSThUJfXQc4pDguIFWMagVToAQYgmZ4C4AtYfVjaSEELrMcCdA==

"@pixi/filter-blur@7.4.3":
  version "7.4.3"
  resolved "https://registry.yarnpkg.com/@pixi/filter-blur/-/filter-blur-7.4.3.tgz#94311e0d44946f1aa2df102d538fcc77c94011ea"
  integrity sha512-ZFzS9L/whdRbs5A/EUgF3yQaBcxNarmbuwaMgrfnpQ84mRczkGByqDLGToadiufyals07ufTrXBGRle9lbtEDA==

"@pixi/filter-color-matrix@7.4.3":
  version "7.4.3"
  resolved "https://registry.yarnpkg.com/@pixi/filter-color-matrix/-/filter-color-matrix-7.4.3.tgz#dba366262dc5fa850c2dec8feb5b9da60e491bfa"
  integrity sha512-TNu0h20SrzjUWIb5v19dAp1vPpqtG0w2XF9kIHN91bMNaf3R1jzhpWG6TtaVO9eo1IolWcEJLw38jIohyC+KNw==

"@pixi/filter-displacement@7.4.3":
  version "7.4.3"
  resolved "https://registry.yarnpkg.com/@pixi/filter-displacement/-/filter-displacement-7.4.3.tgz#d6cad8df91d8d7e7c8c6504ca7d9a73eea9ed432"
  integrity sha512-ax+cFA2mEnKgqf9F8qInpv09GNWzjwnASLETpwPXzWBtlAlNCeHV2tCv3+SlMdEKUkwG9sA7AmjjjC2JBUyt+Q==

"@pixi/filter-fxaa@7.4.3":
  version "7.4.3"
  resolved "https://registry.yarnpkg.com/@pixi/filter-fxaa/-/filter-fxaa-7.4.3.tgz#6ae88cd364f454643809b2d42309700e436e3683"
  integrity sha512-y9jhho5cCflhEsPtNqqsd+XJHsb+/ysht4rG/VHQ8Z6pScHYpbgiEpowryGq8uSMQQwx6zKNS2DPiXdiOHPZsg==

"@pixi/filter-noise@7.4.3":
  version "7.4.3"
  resolved "https://registry.yarnpkg.com/@pixi/filter-noise/-/filter-noise-7.4.3.tgz#ef6fb499a691ab0e0a11659e682de73588e92d43"
  integrity sha512-rwgSO3BKe1jW/P5CaOcfLKjfpl674aBEo/igi/3QLxA3ORhILNqWRsKkOwP8xF/ejI5NE4rMEkdv0LScbdGFhA==

"@pixi/graphics@7.4.3":
  version "7.4.3"
  resolved "https://registry.yarnpkg.com/@pixi/graphics/-/graphics-7.4.3.tgz#05bfabe34753e3747d7490cf7a672d0c7d417321"
  integrity sha512-wWLivD8/URb8A7X4TqCZGG39C91IE+aOuWY/z9NCz5Z6WvA/VWnsc5fLTlO+ggjGHgKF0cSucCXZfUe1wm0AOQ==

"@pixi/math@7.4.3":
  version "7.4.3"
  resolved "https://registry.yarnpkg.com/@pixi/math/-/math-7.4.3.tgz#e41ecf7c74da9433816e661b96fb5f6d7cc6352e"
  integrity sha512-/uJOVhR2DOZ+zgdI6Bs/CwcXT4bNRKsS+TqX3ekRIxPCwaLra+Qdm7aDxT5cTToDzdxbKL5+rwiLu3Y1egILDw==

"@pixi/mesh-extras@7.4.3":
  version "7.4.3"
  resolved "https://registry.yarnpkg.com/@pixi/mesh-extras/-/mesh-extras-7.4.3.tgz#b186c28a03c338ce7c27a1f44fc6bce78c2e2547"
  integrity sha512-EqpxpVZoTObyupxMSzuUsCGmWPQioW84n9EO9Ajawkk/HYA+qKFZ5viKiEThIUBYgv4Apn/7c0U3Feg7Ez4uQQ==

"@pixi/mesh@7.4.3":
  version "7.4.3"
  resolved "https://registry.yarnpkg.com/@pixi/mesh/-/mesh-7.4.3.tgz#1cfae4c32a3d5d53a956050113250d177779f1b0"
  integrity sha512-CikqFPtKvU3Zj986/MSoC8X39CWv5CEpiEW/tYp47p4tgQNDSkNWYnDiNYgb+4VX6pNsBrgX4DALLdTR17SlSA==

"@pixi/mixin-cache-as-bitmap@7.4.3":
  version "7.4.3"
  resolved "https://registry.yarnpkg.com/@pixi/mixin-cache-as-bitmap/-/mixin-cache-as-bitmap-7.4.3.tgz#4d9dddf4794048fd29a4e286df8d42658cf9ca35"
  integrity sha512-NgvDdgSgd2tfcTSc+SWF12JJjVVz5ZrkSlhX0idSp/LSako82AiFJlD2xqH9GUsEcA6sqBBlnu7nrGkPTHQdhA==

"@pixi/mixin-get-child-by-name@7.4.3":
  version "7.4.3"
  resolved "https://registry.yarnpkg.com/@pixi/mixin-get-child-by-name/-/mixin-get-child-by-name-7.4.3.tgz#192f6a2dc1655535f0b79ee0ca47fc066444d7d2"
  integrity sha512-HLhDxHwafQT+CxbqQx9w9ivJIyAOg9JJ/6m4fNymVuDWeuMGcxDxBD7DukdUYIieT+RD/RlxdPEmq8YoromlFA==

"@pixi/mixin-get-global-position@7.4.3":
  version "7.4.3"
  resolved "https://registry.yarnpkg.com/@pixi/mixin-get-global-position/-/mixin-get-global-position-7.4.3.tgz#26e33e0cf85be80738dc8bea8359030482a739b1"
  integrity sha512-k09kvkS379EypCIWgXMY7uiXtWk1BsaJyTYlV16Co0AsmNPdFd+wUozMx1xV6rxcGiWXsxr/1k9fbETuYkcXCQ==

"@pixi/particle-container@7.4.3":
  version "7.4.3"
  resolved "https://registry.yarnpkg.com/@pixi/particle-container/-/particle-container-7.4.3.tgz#7f6b862acde64f58cb29c3b2195f18109fd3ef7d"
  integrity sha512-0DfJF5C0XTfuI2FsLYvMKCOtqWjXWGOWfA6m4l0W/Ke/qw5zKIOEhgjPLw4qNRtOhmEfkVKJUGp66Ap/ya2YzA==

"@pixi/prepare@7.4.3":
  version "7.4.3"
  resolved "https://registry.yarnpkg.com/@pixi/prepare/-/prepare-7.4.3.tgz#755e991c99e45066ef9e4d575310ad764f0f5434"
  integrity sha512-OjJHGKXPzwP5OLKxBnTBnKMOktHynLvO0TQPqTYgNtmGQzY109mypCqM4M+s/V+uYmBo/T+sXvBahj98q/f1tA==

"@pixi/runner@7.4.3":
  version "7.4.3"
  resolved "https://registry.yarnpkg.com/@pixi/runner/-/runner-7.4.3.tgz#18dd26d656f44c6132a62b33101e5870c8a185ba"
  integrity sha512-TJyfp7y23u5vvRAyYhVSa7ytq0PdKSvPLXu4G3meoFh1oxTLHH6g/RIzLuxUAThPG2z7ftthuW3qWq6dRV+dhw==

"@pixi/settings@7.4.3":
  version "7.4.3"
  resolved "https://registry.yarnpkg.com/@pixi/settings/-/settings-7.4.3.tgz#bf833572d48bc5c751b04a9df6c1382068e6d5f8"
  integrity sha512-SmGK8smc0PxRB9nr0UJioEtE9hl4gvj9OedCvZx3bxBwA3omA5BmP3CyhQfN8XJ29+o2OUL01r3zAPVol4l4lA==
  dependencies:
    "@pixi/constants" "7.4.3"
    "@types/css-font-loading-module" "^0.0.12"
    ismobilejs "^1.1.0"

"@pixi/sprite-animated@7.4.3":
  version "7.4.3"
  resolved "https://registry.yarnpkg.com/@pixi/sprite-animated/-/sprite-animated-7.4.3.tgz#922ec3f494864597fed54bc9adfd72a9cb132653"
  integrity sha512-mw5YIec8KfO1Jv9qrDNvGoD7Dlmcgww5YlMtd+ARi7Zzo+6ziNw899LXtoaKX1+3BXdZbYNyJAx3C5r30NtwXA==

"@pixi/sprite-tiling@7.4.3":
  version "7.4.3"
  resolved "https://registry.yarnpkg.com/@pixi/sprite-tiling/-/sprite-tiling-7.4.3.tgz#2bf714192fe1e35409d8d39cbb57be79e5be788e"
  integrity sha512-kUa9cEcMsGXSIZoXA7LhW4oo0eWa30w0KYd7mZ0bqalBMfOcvsGZMN701Lc5lpE8URw+8yu5bnyGLbrxhWBTuw==

"@pixi/sprite@7.4.3":
  version "7.4.3"
  resolved "https://registry.yarnpkg.com/@pixi/sprite/-/sprite-7.4.3.tgz#edd9739f87c3eaa427a15ebdd58418a58a973888"
  integrity sha512-iNBrpOFF9nXDT6m2jcyYy6l/sRzklLDDck1eFHprHZwvNquY2nzRfh+RGBCecxhBcijiLJ3fsZN33fP0LDXkvw==

"@pixi/spritesheet@7.4.3":
  version "7.4.3"
  resolved "https://registry.yarnpkg.com/@pixi/spritesheet/-/spritesheet-7.4.3.tgz#30dcaa5991bc8c90c3e119ca97d1e127ff7eba08"
  integrity sha512-Ce4xZzUxUSKfiROUjjVCBYNLuCcDEWKJ822bSV9rkgVHItu3q04VnEww0DXO+9K0hKv4Ukjjk8aP6Pz0LgPm7A==

"@pixi/text-bitmap@7.4.3":
  version "7.4.3"
  resolved "https://registry.yarnpkg.com/@pixi/text-bitmap/-/text-bitmap-7.4.3.tgz#d6b12da608d860dc88a3595afe070f86af00e85d"
  integrity sha512-TnBocJm7f5nMAYwYcsojc62uCrOYauAGH26o3pNrlqmHDRDQ7FzPOGvkYZGYFREbUycloLSRlYpSy0FB9ZdV4Q==

"@pixi/text-html@7.4.3":
  version "7.4.3"
  resolved "https://registry.yarnpkg.com/@pixi/text-html/-/text-html-7.4.3.tgz#cf41ae1f8d97eab08ef5b3592b797890ce8c6e71"
  integrity sha512-nm9K9gjSZAU8ETwQZBE3kMGNdO1IzyghxoRTcJCWKhekiGDpUQhopfNhqieNZ7reVJpvhpFQWjbyaHDehndUaQ==

"@pixi/text@7.4.3":
  version "7.4.3"
  resolved "https://registry.yarnpkg.com/@pixi/text/-/text-7.4.3.tgz#02a75415202ee6f8453457abeb78c6de3cfa2f98"
  integrity sha512-IAF0iu04rPg3oiL0HZsEZI44fpJxq3UZ4xTmx8l1RyhhSXiElLvvSlSH57vt/BKMQZtCs+AqEit7yn8heK2+nQ==

"@pixi/ticker@7.4.3":
  version "7.4.3"
  resolved "https://registry.yarnpkg.com/@pixi/ticker/-/ticker-7.4.3.tgz#cca692563146823d7f51b8a44be7993d3c6ed203"
  integrity sha512-tHsAD0iOUb6QSGGw+c8cyRBvxsq/NlfzIFBZLEHhWZ+Bx4a0MmXup6I/yJDGmyPCYE+ctCcAfY13wKAzdiVFgQ==
  dependencies:
    "@pixi/extensions" "7.4.3"
    "@pixi/settings" "7.4.3"
    "@pixi/utils" "7.4.3"

"@pixi/utils@7.4.3":
  version "7.4.3"
  resolved "https://registry.yarnpkg.com/@pixi/utils/-/utils-7.4.3.tgz#72211f8e5e88eee1d8dc65ca92112c3d896c7451"
  integrity sha512-NO3Y9HAn2UKS1YdxffqsPp+kDpVm8XWvkZcS/E+rBzY9VTLnNOI7cawSRm+dacdET3a8Jad3aDKEDZ0HmAqAFA==
  dependencies:
    "@pixi/color" "7.4.3"
    "@pixi/constants" "7.4.3"
    "@pixi/settings" "7.4.3"
    "@types/earcut" "^2.1.0"
    earcut "^2.2.4"
    eventemitter3 "^4.0.0"
    url "^0.11.0"

"@tanstack/query-core@4.44.0":
  version "4.44.0"
  resolved "https://registry.yarnpkg.com/@tanstack/query-core/-/query-core-4.44.0.tgz#c507e55f2e2c9a4a49fd2a9fcb1eda449e6c77ef"
  integrity sha512-swSgb7OiPRR3UuIL7NuDrZNSMGmQD+wdtHxPD7j60SvBEnxbXurl5XOirtGEX2gm2hbK6mC8kMV1I+uO3l0UOw==

"@tanstack/react-query@^4.33.0":
  version "4.44.0"
  resolved "https://registry.yarnpkg.com/@tanstack/react-query/-/react-query-4.44.0.tgz#8e6b93cbf08dc19e1ab8b1b97a9451ba82069d19"
  integrity sha512-RuIqHYrS98LrK/8kJJOJMMSQ/BCpojwsXDh7p0fBmp38ZOz6dlk+uyFRRusH+V+t3POoCsDOQ2zhomEYOeReXw==
  dependencies:
    "@tanstack/query-core" "4.44.0"
    use-sync-external-store "^1.6.0"

"@tanstack/react-virtual@^3.0.0-beta.61":
  version "3.14.5"
  resolved "https://registry.yarnpkg.com/@tanstack/react-virtual/-/react-virtual-3.14.5.tgz#183c959aeb85448899dcb1a4da55213e5d4f6078"
  integrity sha512-4EKRXh7zBLkbKbFmG3AUVkircuHd+7OdT1pocJSepxtfBd3qnrJgJ5rtPkRYyo9fmyVb2+pI2xPy5oYvMLQy6A==
  dependencies:
    "@tanstack/virtual-core" "3.17.3"

"@tanstack/virtual-core@3.17.3":
  version "3.17.3"
  resolved "https://registry.yarnpkg.com/@tanstack/virtual-core/-/virtual-core-3.17.3.tgz#71ae7e658fe155392a2dcbf640035febdf2fdb05"
  integrity sha512-8Np/TFELpI0ySuJoVmjvOrQYXH/8sTX0Biv9szhFhY39xOdAAY+smrMxjxOum/ux3eM8MUJQsEJ0/R0UpvC8dw==

"@types/css-font-loading-module@^0.0.12":
  version "0.0.12"
  resolved "https://registry.yarnpkg.com/@types/css-font-loading-module/-/css-font-loading-module-0.0.12.tgz#65494833928823f998fbe8e86312821875d80db5"
  integrity sha512-x2tZZYkSxXqWvTDgveSynfjq/T2HyiZHXb00j/+gy19yp70PHCizM48XFdjBCWH7eHBD0R5i/pw9yMBP/BH5uA==

"@types/earcut@^2.1.0":
  version "2.1.4"
  resolved "https://registry.yarnpkg.com/@types/earcut/-/earcut-2.1.4.tgz#5811d7d333048f5a7573b22ddc84923e69596da6"
  integrity sha512-qp3m9PPz4gULB9MhjGID7wpo3gJ4bTGXm7ltNDsmOvsPduTeHp8wSW9YckBj3mljeOh4F0m2z/0JKAALRKbmLQ==

"@types/prop-types@*":
  version "15.7.15"
  resolved "https://registry.yarnpkg.com/@types/prop-types/-/prop-types-15.7.15.tgz#e6e5a86d602beaca71ce5163fadf5f95d70931c7"
  integrity sha512-F6bEyamV9jKGAFBEmlQnesRPGOQqS2+Uwi0Em15xenOxHaf2hv6L8YCVn3rPdPJOiJfPiCnLIRyvwVaqMY3MIw==

"@types/react-dom@^18.2.1":
  version "18.3.7"
  resolved "https://registry.yarnpkg.com/@types/react-dom/-/react-dom-18.3.7.tgz#b89ddf2cd83b4feafcc4e2ea41afdfb95a0d194f"
  integrity sha512-MEe3UeoENYVFXzoXEWsvcpg6ZvlrFNlOQ7EOsvhI3CfAXwzPfO8Qwuxd40nepsYKqyyVQnTdEfv68q91yLcKrQ==

"@types/react@^18.2.0":
  version "18.3.31"
  resolved "https://registry.yarnpkg.com/@types/react/-/react-18.3.31.tgz#b5e95e28ffcceab8d982f33f2eb076e17653c2a4"
  integrity sha512-vfEqpXTvwT91yhmwdfouStN2hSKwTvyRs8qpLfADyrq/kxDw0hZM7Wk9Ug1FELj8hIby+S/+kQCSRFF32nv2Qw==
  dependencies:
    "@types/prop-types" "*"
    csstype "^3.2.2"

"@vscode/iconv-lite-umd@0.7.0":
  version "0.7.0"
  resolved "https://registry.yarnpkg.com/@vscode/iconv-lite-umd/-/iconv-lite-umd-0.7.0.tgz#d2f1e0664ee6036408f9743fee264ea0699b0e48"
  integrity sha512-bRRFxLfg5dtAyl5XyiVWz/ZBPahpOpPrNYnnHpOpUZvam4tKH35wdhP4Kj6PbM0+KdliOsPzbGWpkxcdpNB/sg==

"@vscode/vscode-languagedetection@1.0.21":
  version "1.0.21"
  resolved "https://registry.yarnpkg.com/@vscode/vscode-languagedetection/-/vscode-languagedetection-1.0.21.tgz#89b48f293f6aa3341bb888c1118d16ff13b032d3"
  integrity sha512-zSUH9HYCw5qsCtd7b31yqkpaCU6jhtkKLkvOOA8yTrIRfBSOFb8PPhgmMicD7B/m+t4PwOJXzU1XDtrM9Fd3/g==

"@xterm/addon-image@0.9.0-beta.17":
  version "0.9.0-beta.17"
  resolved "https://registry.yarnpkg.com/@xterm/addon-image/-/addon-image-0.9.0-beta.17.tgz#343d0665a6060d4f893b4f2d32de6ccbbd00bb63"
  integrity sha512-g0r2hpBcLABY5as4llsMP36RHtkWooEn7tf+7U0/hTndJoCAvs4uGDqZNQigFgeAM3lJ4PnRYh4lfnEh9bGt8A==

"@xterm/addon-search@0.16.0-beta.17":
  version "0.16.0-beta.17"
  resolved "https://registry.yarnpkg.com/@xterm/addon-search/-/addon-search-0.16.0-beta.17.tgz#7cb01c7f498405909d37040884ee22d1889a36d2"
  integrity sha512-wBfxmWOeqG6HHHE5mVamDJ75zBdHC35ERNy5/aTpQsQsyxrnV0Ks76c8ZVTaTu9wyBCAyx7UmZT42Ot80khY/g==

"@xterm/addon-serialize@0.14.0-beta.17":
  version "0.14.0-beta.17"
  resolved "https://registry.yarnpkg.com/@xterm/addon-serialize/-/addon-serialize-0.14.0-beta.17.tgz#1cb8e35c0d118060a807adb340624fa7f80dd9c5"
  integrity sha512-/c3W39kdRgGGYDoYjXb5HrUC421qwPn6NryAT4WJuJWnyMtFbe2DPwKsTfHuCBPiPyovS3a9j950Md3O3YXDZA==

"@xterm/addon-unicode11@0.9.0-beta.17":
  version "0.9.0-beta.17"
  resolved "https://registry.yarnpkg.com/@xterm/addon-unicode11/-/addon-unicode11-0.9.0-beta.17.tgz#b5558148029a796c6a6d78e2a8b7255f92a51530"
  integrity sha512-z7v8uojFVrO1aLSWtnz5MzSrfWRT8phde7kh9ufqHLBv7YYtMHxlPVjSuW8PZ2h4eY1LOZf6icUAzrmyJmJ7Kg==

"@xterm/addon-webgl@0.19.0-beta.17":
  version "0.19.0-beta.17"
  resolved "https://registry.yarnpkg.com/@xterm/addon-webgl/-/addon-webgl-0.19.0-beta.17.tgz#68ad9e68dd1cf581b391971de33f5c04966b0d8e"
  integrity sha512-X8ObRgoZl7UZTgdndM+mpSO3hLzAhWKoXXrGvUQg/7XabRKAPrQ2XvdyZm04nYwibE6Tpit2h5kkxjlVqupIig==

"@xterm/xterm@5.6.0-beta.17":
  version "5.6.0-beta.17"
  resolved "https://registry.yarnpkg.com/@xterm/xterm/-/xterm-5.6.0-beta.17.tgz#67ce2e2ff45bd6cc9f26d455d5522c6c4a122ed9"
  integrity sha512-+wAv8PhaGQSN9yXWIa8EFtT33pbrA4lZakMB1P05fr+DQ7zoH66QOAUoDY95uOf/4+S6Ihz8wzP2+FH8zETQEA==

buffer-crc32@~0.2.3:
  version "0.2.13"
  resolved "https://registry.yarnpkg.com/buffer-crc32/-/buffer-crc32-0.2.13.tgz#0d333e3f00eac50aa1454abd30ef8c2a5d9a7242"
  integrity sha512-VO9Ht/+p3SN7SKWqcrgEzjGbRSJYTx+Q1pTQC0wrWqHx0vpJraQ6GtHx8tvcg1rlK1byhU5gccxgOgj7B0TDkQ==

call-bind-apply-helpers@^1.0.1, call-bind-apply-helpers@^1.0.2:
  version "1.0.2"
  resolved "https://registry.yarnpkg.com/call-bind-apply-helpers/-/call-bind-apply-helpers-1.0.2.tgz#4b5428c222be985d79c3d82657479dbe0b59b2d6"
  integrity sha512-Sp1ablJ0ivDkSzjcaJdxEunN5/XvksFJ2sMBFfq6x0ryhQV/2b/KwFe21cMpmHtPOSij8K99/wSfoEuTObmuMQ==
  dependencies:
    es-errors "^1.3.0"
    function-bind "^1.1.2"

call-bound@^1.0.2:
  version "1.0.4"
  resolved "https://registry.yarnpkg.com/call-bound/-/call-bound-1.0.4.tgz#238de935d2a2a692928c538c7ccfa91067fd062a"
  integrity sha512-+ys997U96po4Kx/ABpBCqhA9EuxJaQWDQg7295H4hBphv3IZg0boBKuwYpt4YXp6MZ5AmZQnU/tyMTlRpaSejg==
  dependencies:
    call-bind-apply-helpers "^1.0.2"
    get-intrinsic "^1.3.0"

csstype@^3.2.2:
  version "3.2.3"
  resolved "https://registry.yarnpkg.com/csstype/-/csstype-3.2.3.tgz#ec48c0f3e993e50648c86da559e2610995cf989a"
  integrity sha512-z1HGKcYy2xA8AGQfwrn0PAy+PB7X/GSj3UVJW9qKyn43xWa+gl5nXmU4qqLMRzWVLFC8KusUX8T/0kCiOYpAIQ==

dunder-proto@^1.0.1:
  version "1.0.1"
  resolved "https://registry.yarnpkg.com/dunder-proto/-/dunder-proto-1.0.1.tgz#d7ae667e1dc83482f8b70fd0f6eefc50da30f58a"
  integrity sha512-KIN/nDJBQRcXw0MLVhZE9iQHmG68qAVIBg9CqmUYjmQIhgij9U5MFvrqkUL5FbtyyzZuOeOt0zdeRe4UY7ct+A==
  dependencies:
    call-bind-apply-helpers "^1.0.1"
    es-errors "^1.3.0"
    gopd "^1.2.0"

earcut@^2.2.4:
  version "2.2.4"
  resolved "https://registry.yarnpkg.com/earcut/-/earcut-2.2.4.tgz#6d02fd4d68160c114825d06890a92ecaae60343a"
  integrity sha512-/pjZsA1b4RPHbeWZQn66SWS8nZZWLQQ23oE3Eam7aroEFGEvwKAsJfZ9ytiEMycfzXWpca4FA9QIOehf7PocBQ==

es-define-property@^1.0.1:
  version "1.0.1"
  resolved "https://registry.yarnpkg.com/es-define-property/-/es-define-property-1.0.1.tgz#983eb2f9a6724e9303f61addf011c72e09e0b0fa"
  integrity sha512-e3nRfgfUZ4rNGL232gUgX06QNyyez04KdjFrF+LTRoOXmrOgFKDg4BCdsjW8EnT69eqdYGmRpJwiPVYNrCaW3g==

es-errors@^1.3.0:
  version "1.3.0"
  resolved "https://registry.yarnpkg.com/es-errors/-/es-errors-1.3.0.tgz#05f75a25dab98e4fb1dcd5e1472c0546d5057c8f"
  integrity sha512-Zf5H2Kxt2xjTvbJvP2ZWLEICxA6j+hAmMzIlypy4xcBg1vKVnx89Wy0GbS+kf5cwCVFFzdCFh2XSCFNULS6csw==

es-object-atoms@^1.0.0, es-object-atoms@^1.1.1:
  version "1.1.2"
  resolved "https://registry.yarnpkg.com/es-object-atoms/-/es-object-atoms-1.1.2.tgz#a2d0b373205724dfa525d23b0c3e1b1ca582c99b"
  integrity sha512-HWcBoN6NileqtSydK2FqHbS/LoDd2pqrnQHLyJzBj4kOp/ky2MWMN694xOfkK8/SnUsW2DH7EfyVlydKCsm1Zw==
  dependencies:
    es-errors "^1.3.0"

eventemitter3@^4.0.0:
  version "4.0.7"
  resolved "https://registry.yarnpkg.com/eventemitter3/-/eventemitter3-4.0.7.tgz#2de9b68f6528d5644ef5c59526a1b4a07306169f"
  integrity sha512-8guHBZCwKnFhYdHr2ysuRWErTwhoN2X8XELRlrRwpmfeY2jjuUN4taQMsULKUVo1K4DvZl+0pgfyoysHxvmvEw==

function-bind@^1.1.2:
  version "1.1.2"
  resolved "https://registry.yarnpkg.com/function-bind/-/function-bind-1.1.2.tgz#2c02d864d97f3ea6c8830c464cbd11ab6eab7a1c"
  integrity sha512-7XHNxH7qX9xG5mIwxkhumTox/MIRNcOgDrxWsMt2pAr23WHp6MrRlN7FBSFpCpr+oVO0F744iUgR82nJMfG2SA==

get-intrinsic@^1.2.5, get-intrinsic@^1.3.0:
  version "1.3.0"
  resolved "https://registry.yarnpkg.com/get-intrinsic/-/get-intrinsic-1.3.0.tgz#743f0e3b6964a93a5491ed1bffaae054d7f98d01"
  integrity sha512-9fSjSaos/fRIVIp+xSJlE6lfwhES7LNtKaCBIamHsjr2na1BiABJPo0mOjjz8GJDURarmCPGqaiVg5mfjb98CQ==
  dependencies:
    call-bind-apply-helpers "^1.0.2"
    es-define-property "^1.0.1"
    es-errors "^1.3.0"
    es-object-atoms "^1.1.1"
    function-bind "^1.1.2"
    get-proto "^1.0.1"
    gopd "^1.2.0"
    has-symbols "^1.1.0"
    hasown "^2.0.2"
    math-intrinsics "^1.1.0"

get-proto@^1.0.1:
  version "1.0.1"
  resolved "https://registry.yarnpkg.com/get-proto/-/get-proto-1.0.1.tgz#150b3f2743869ef3e851ec0c49d15b1d14d00ee1"
  integrity sha512-sTSfBjoXBp89JvIKIefqw7U2CCebsc74kiY6awiGogKtoSGbgjYE/G/+l9sF3MWFPNc9IcoOC4ODfKHfxFmp0g==
  dependencies:
    dunder-proto "^1.0.1"
    es-object-atoms "^1.0.0"

gopd@^1.2.0:
  version "1.2.0"
  resolved "https://registry.yarnpkg.com/gopd/-/gopd-1.2.0.tgz#89f56b8217bdbc8802bd299df6d7f1081d7e51a1"
  integrity sha512-ZUKRh6/kUFoAiTAtTYPZJ3hw9wNxx+BIBOijnlG9PnrJsCcSjs1wyyD6vJpaYtgnzDrKYRSqf3OO6Rfa93xsRg==

has-symbols@^1.1.0:
  version "1.1.0"
  resolved "https://registry.yarnpkg.com/has-symbols/-/has-symbols-1.1.0.tgz#fc9c6a783a084951d0b971fe1018de813707a338"
  integrity sha512-1cDNdwJ2Jaohmb3sg4OmKaMBwuC48sYni5HUw2DvsC8LjGTLK9h+eb1X6RyuOHe4hT0ULCW68iomhjUoKUqlPQ==

hasown@^2.0.2:
  version "2.0.4"
  resolved "https://registry.yarnpkg.com/hasown/-/hasown-2.0.4.tgz#8c62d8cb90beb2aad5d0a5b67581ad9854c3f003"
  integrity sha512-T2UbfbBEF32wiepXIsMlTW9+dDYC6wMh/t/vYA4tuOMKqWz/n3vr1NFSxQiyP+zk2mXsoMA/i/7qV6LKut1t1A==
  dependencies:
    function-bind "^1.1.2"

ismobilejs@^1.1.0:
  version "1.1.1"
  resolved "https://registry.yarnpkg.com/ismobilejs/-/ismobilejs-1.1.1.tgz#c56ca0ae8e52b24ca0f22ba5ef3215a2ddbbaa0e"
  integrity sha512-VaFW53yt8QO61k2WJui0dHf4SlL8lxBofUuUmwBo0ljPk0Drz2TiuDW4jo3wDcv41qy/SxrJ+VAzJ/qYqsmzRw==

"js-tokens@^3.0.0 || ^4.0.0":
  version "4.0.0"
  resolved "https://registry.yarnpkg.com/js-tokens/-/js-tokens-4.0.0.tgz#19203fb59991df98e3a287050d4647cdeaf32499"
  integrity sha512-RdJUflcE3cUzKiMqQgsCu06FPu9UdIJO0beYbPhHN4k6apgJtifcoCtT9bcxOpYBtpD2kCM6Sbzg4CausW/PKQ==

jschardet@3.0.0:
  version "3.0.0"
  resolved "https://registry.yarnpkg.com/jschardet/-/jschardet-3.0.0.tgz#898d2332e45ebabbdb6bf2feece9feea9a99e882"
  integrity sha512-lJH6tJ77V8Nzd5QWRkFYCLc13a3vADkh3r/Fi8HupZGWk2OVVDfnZP8V/VgQgZ+lzW0kG2UGb5hFgt3V3ndotQ==

loose-envify@^1.1.0:
  version "1.4.0"
  resolved "https://registry.yarnpkg.com/loose-envify/-/loose-envify-1.4.0.tgz#71ee51fa7be4caec1a63839f7e682d8132d30caf"
  integrity sha512-lyuxPGr/Wfhrlem2CL/UcnUc1zcqKAImBDzukY7Y5F/yQiNdko6+fRLevlw1HgMySw7f611UIY408EtxRSoK3Q==
  dependencies:
    js-tokens "^3.0.0 || ^4.0.0"

math-intrinsics@^1.1.0:
  version "1.1.0"
  resolved "https://registry.yarnpkg.com/math-intrinsics/-/math-intrinsics-1.1.0.tgz#a0dd74be81e2aa5c2f27e65ce283605ee4e2b7f9"
  integrity sha512-/IXtbwEk5HTPyEwyKX6hGkYXxM9nbj64B+ilVJnC/R6B0pH5G4V3b0pVbL7DBj4tkhBAppbQUlf6F6Xl9LHu1g==

object-inspect@^1.13.3, object-inspect@^1.13.4:
  version "1.13.4"
  resolved "https://registry.yarnpkg.com/object-inspect/-/object-inspect-1.13.4.tgz#8375265e21bc20d0fa582c22e1b13485d6e00213"
  integrity sha512-W67iLl4J2EXEGTbfeHCffrjDfitvLANg0UlX3wFUUSTx92KXRFegMHUVgSqE+wvhAbi4WqjGg9czysTV2Epbew==

pixi.js@^7.2.4:
  version "7.4.3"
  resolved "https://registry.yarnpkg.com/pixi.js/-/pixi.js-7.4.3.tgz#096424e254debcb4fe106c162d56a05cea77d4b6"
  integrity sha512-uIWdH0EI2dVgNoqN9aFaHCmR0V65OEhMkXs2sek3c/QP2ItV6UoM+ouX9esSv3ibo20F+J5D1XwnQhUZI6wqeQ==
  dependencies:
    "@pixi/accessibility" "7.4.3"
    "@pixi/app" "7.4.3"
    "@pixi/assets" "7.4.3"
    "@pixi/compressed-textures" "7.4.3"
    "@pixi/core" "7.4.3"
    "@pixi/display" "7.4.3"
    "@pixi/events" "7.4.3"
    "@pixi/extensions" "7.4.3"
    "@pixi/extract" "7.4.3"
    "@pixi/filter-alpha" "7.4.3"
    "@pixi/filter-blur" "7.4.3"
    "@pixi/filter-color-matrix" "7.4.3"
    "@pixi/filter-displacement" "7.4.3"
    "@pixi/filter-fxaa" "7.4.3"
    "@pixi/filter-noise" "7.4.3"
    "@pixi/graphics" "7.4.3"
    "@pixi/mesh" "7.4.3"
    "@pixi/mesh-extras" "7.4.3"
    "@pixi/mixin-cache-as-bitmap" "7.4.3"
    "@pixi/mixin-get-child-by-name" "7.4.3"
    "@pixi/mixin-get-global-position" "7.4.3"
    "@pixi/particle-container" "7.4.3"
    "@pixi/prepare" "7.4.3"
    "@pixi/sprite" "7.4.3"
    "@pixi/sprite-animated" "7.4.3"
    "@pixi/sprite-tiling" "7.4.3"
    "@pixi/spritesheet" "7.4.3"
    "@pixi/text" "7.4.3"
    "@pixi/text-bitmap" "7.4.3"
    "@pixi/text-html" "7.4.3"

punycode@^1.4.1:
  version "1.4.1"
  resolved "https://registry.yarnpkg.com/punycode/-/punycode-1.4.1.tgz#c0d5a63b2718800ad8e1eb0fa5269c84dd41845e"
  integrity sha512-jmYNElW7yvO7TV33CjSmvSiE2yco3bV2czu/OzDKdMNVZQWfxCblURLhf+47syQRBntjfLdd/H0egrzIG+oaFQ==

qs@^6.12.3:
  version "6.15.3"
  resolved "https://registry.yarnpkg.com/qs/-/qs-6.15.3.tgz#76852132a58ed5c7c0ef67e4441b9bb5d6061b3b"
  integrity sha512-O9gl3zCl5h5blw1KGUzQKhA5oUXSl8rwUIM5o0S3nCXMliSvy5Dzx7/DJcI+SwgICv+IneSZwhBh1oSyEHA71A==
  dependencies:
    es-define-property "^1.0.1"
    side-channel "^1.1.1"

react-dom@^18.2.0:
  version "18.3.1"
  resolved "https://registry.yarnpkg.com/react-dom/-/react-dom-18.3.1.tgz#c2265d79511b57d479b3dd3fdfa51536494c5cb4"
  integrity sha512-5m4nQKp+rZRb09LNH59GM4BxTh9251/ylbKIbpe7TpGxfJ+9kv6BLkLBXIjjspbgbnIBNqlI23tRnTWT0snUIw==
  dependencies:
    loose-envify "^1.1.0"
    scheduler "^0.23.2"

react@^18.2.0:
  version "18.3.1"
  resolved "https://registry.yarnpkg.com/react/-/react-18.3.1.tgz#49ab892009c53933625bd16b2533fc754cab2891"
  integrity sha512-wS+hAgJShR0KhEvPJArfuPVN1+Hz1t0Y6n5jLrGQbkb4urgPE/0Rve+1kMB1v/oWgHgm4WIcV+i7F2pTVj+2iQ==
  dependencies:
    loose-envify "^1.1.0"

rxjs@^7.8.1:
  version "7.8.2"
  resolved "https://registry.yarnpkg.com/rxjs/-/rxjs-7.8.2.tgz#955bc473ed8af11a002a2be52071bf475638607b"
  integrity sha512-dhKf903U/PQZY6boNNtAGdWbG85WAbjT/1xYoZIC7FAY0yWapOBQVsVrDl58W86//e1VpMNBtRV4MaXfdMySFA==
  dependencies:
    tslib "^2.1.0"

scheduler@^0.23.2:
  version "0.23.2"
  resolved "https://registry.yarnpkg.com/scheduler/-/scheduler-0.23.2.tgz#414ba64a3b282892e944cf2108ecc078d115cdc3"
  integrity sha512-UOShsPwz7NrMUqhR6t0hWjFduvOzbtv7toDH1/hIrfRNIDBnnBWd0CwJTGvTpngVlmwGCdP9/Zl/tVrDqcuYzQ==
  dependencies:
    loose-envify "^1.1.0"

side-channel-list@^1.0.1:
  version "1.0.1"
  resolved "https://registry.yarnpkg.com/side-channel-list/-/side-channel-list-1.0.1.tgz#c2e0b5a14a540aebee3bbc6c3f8666cc9b509127"
  integrity sha512-mjn/0bi/oUURjc5Xl7IaWi/OJJJumuoJFQJfDDyO46+hBWsfaVM65TBHq2eoZBhzl9EchxOijpkbRC8SVBQU0w==
  dependencies:
    es-errors "^1.3.0"
    object-inspect "^1.13.4"

side-channel-map@^1.0.1:
  version "1.0.1"
  resolved "https://registry.yarnpkg.com/side-channel-map/-/side-channel-map-1.0.1.tgz#d6bb6b37902c6fef5174e5f533fab4c732a26f42"
  integrity sha512-VCjCNfgMsby3tTdo02nbjtM/ewra6jPHmpThenkTYh8pG9ucZ/1P8So4u4FGBek/BjpOVsDCMoLA/iuBKIFXRA==
  dependencies:
    call-bound "^1.0.2"
    es-errors "^1.3.0"
    get-intrinsic "^1.2.5"
    object-inspect "^1.13.3"

side-channel-weakmap@^1.0.2:
  version "1.0.2"
  resolved "https://registry.yarnpkg.com/side-channel-weakmap/-/side-channel-weakmap-1.0.2.tgz#11dda19d5368e40ce9ec2bdc1fb0ecbc0790ecea"
  integrity sha512-WPS/HvHQTYnHisLo9McqBHOJk2FkHO/tlpvldyrnem4aeQp4hai3gythswg6p01oSoTl58rcpiFAjF2br2Ak2A==
  dependencies:
    call-bound "^1.0.2"
    es-errors "^1.3.0"
    get-intrinsic "^1.2.5"
    object-inspect "^1.13.3"
    side-channel-map "^1.0.1"

side-channel@^1.1.1:
  version "1.1.1"
  resolved "https://registry.yarnpkg.com/side-channel/-/side-channel-1.1.1.tgz#ea02c62e05dc4bea67d4442f0fb71ee192f8e0ab"
  integrity sha512-6x6dK6zJdpTzF4sQeNYxwtvBzf6Eg4GtlesS94HOvTudUeyK2WXAaIfmDgsyslYrRBeFIlsi54AYsFGUuhmvrQ==
  dependencies:
    es-errors "^1.3.0"
    object-inspect "^1.13.4"
    side-channel-list "^1.0.1"
    side-channel-map "^1.0.1"
    side-channel-weakmap "^1.0.2"

tas-client-umd@0.2.0:
  version "0.2.0"
  resolved "https://registry.yarnpkg.com/tas-client-umd/-/tas-client-umd-0.2.0.tgz#b71cc28f4c9b14f7b62f1ca4669886aa197e390c"
  integrity sha512-oezN7mJVm5qZDVEby7OzxCLKUpUN5of0rY4dvOWaDF2JZBlGpd3BXceFN8B53qlTaIkVSzP65aAMT0Vc+/N25Q==

tslib@^2.1.0:
  version "2.8.1"
  resolved "https://registry.yarnpkg.com/tslib/-/tslib-2.8.1.tgz#612efe4ed235d567e8aba5f2a5fab70280ade83f"
  integrity sha512-oJFu94HQb+KVduSUQL7wnpmqnfmLsOA/nAh6b6EH0wCEoK0/mPeXU6c3wKDV83MkOuHPRHtSXKKU99IBazS/2w==

url@^0.11.0:
  version "0.11.4"
  resolved "https://registry.yarnpkg.com/url/-/url-0.11.4.tgz#adca77b3562d56b72746e76b330b7f27b6721f3c"
  integrity sha512-oCwdVC7mTuWiPyjLUz/COz5TLk6wgp0RCsN+wHZ2Ekneac9w8uuV0njcbbie2ME+Vs+d6duwmYuR3HgQXs1fOg==
  dependencies:
    punycode "^1.4.1"
    qs "^6.12.3"

use-sync-external-store@^1.2.2, use-sync-external-store@^1.6.0:
  version "1.6.0"
  resolved "https://registry.yarnpkg.com/use-sync-external-store/-/use-sync-external-store-1.6.0.tgz#b174bfa65cb2b526732d9f2ac0a408027876f32d"
  integrity sha512-Pp6GSwGP/NrPIrxVFAIkOQeyw8lFenOHijQWkUTrDvrF4ALqylP2C/KCkeS9dpUM3KvYRQhna5vt7IL95+ZQ9w==

vscode-oniguruma@1.7.0:
  version "1.7.0"
  resolved "https://registry.yarnpkg.com/vscode-oniguruma/-/vscode-oniguruma-1.7.0.tgz#439bfad8fe71abd7798338d1cd3dc53a8beea94b"
  integrity sha512-L9WMGRfrjOhgHSdOYgCt/yRMsXzLDJSL7BPrOZt73gU0iWO4mpqzqQzOz5srxqTvMBaR0XZTSrVWo4j55Rc6cA==

vscode-textmate@9.0.0:
  version "9.0.0"
  resolved "https://registry.yarnpkg.com/vscode-textmate/-/vscode-textmate-9.0.0.tgz#313c6c8792b0507aef35aeb81b6b370b37c44d6c"
  integrity sha512-Cl65diFGxz7gpwbav10HqiY/eVYTO1sjQpmRmV991Bj7wAoOAjGQ97PpQcXorDE2Uc4hnGWLY17xme+5t6MlSg==

yazl@^2.4.3:
  version "2.5.1"
  resolved "https://registry.yarnpkg.com/yazl/-/yazl-2.5.1.tgz#a3d65d3dd659a5b0937850e8609f22fffa2b5c35"
  integrity sha512-phENi2PLiHnHb6QBVot+dJnaAZ0xosj7p3fWl+znIjBDlnMI2PsZCJZ306BPTFOaHf5qdDEI8x5qFrSOBN5vrw==
  dependencies:
    buffer-crc32 "~0.2.3"

zustand@^4.3.7:
  version "4.5.7"
  resolved "https://registry.yarnpkg.com/zustand/-/zustand-4.5.7.tgz#7d6bb2026a142415dd8be8891d7870e6dbe65f55"
  integrity sha512-CHOUy7mu3lbD6o6LJLfllpjkzhHXSBlX8B9+qPddUsIfeF5S/UZ5q0kmCsnRqT1UHFQZchNFDDzMbQsuesHWlw==
  dependencies:
    use-sync-external-store "^1.2.2"
